
Microsoft Visual Studio Solution File, Format Version 12.00
# Visual Studio Version 17
VisualStudioVersion = 17.13.35825.156
MinimumVisualStudioVersion = 10.0.40219.1
Project("{FAE04EC0-301F-11D3-BF4B-00C04F79EFBC}") = "FloorPlanApplication", "FloorPlanApplication.csproj", "{749DADCA-5C45-4288-AA78-955F4E83415D}"
EndProject
Global
	GlobalSection(SolutionConfigurationPlatforms) = preSolution
		Debug|Any CPU = Debug|Any CPU
		Release|Any CPU = Release|Any CPU
	EndGlobalSection
	GlobalSection(ProjectConfigurationPlatforms) = postSolution
		{749DADCA-5C45-4288-AA78-955F4E83415D}.Debug|Any CPU.ActiveCfg = Debug|Any CPU
		{749DADCA-5C45-4288-AA78-955F4E83415D}.Debug|Any CPU.Build.0 = Debug|Any CPU
		{749DADCA-5C45-4288-AA78-955F4E83415D}.Release|Any CPU.ActiveCfg = Release|Any CPU
		{749DADCA-5C45-4288-AA78-955F4E83415D}.Release|Any CPU.Build.0 = Release|Any CPU
	EndGlobalSection
	GlobalSection(SolutionProperties) = preSolution
		HideSolutionNode = FALSE
	EndGlobalSection
	GlobalSection(ExtensibilityGlobals) = postSolution
		SolutionGuid = {4B4F773F-72E6-4E4C-B027-71AEBF258E34}
	EndGlobalSection
EndGlobal
